
Microsoft Visual Studio Solution File, Format Version 12.00
# Visual Studio Version 17
VisualStudioVersion = 17.4.33205.214
MinimumVisualStudioVersion = 10.0.40219.1
Project("{2150E333-8FDC-42A3-9474-1A3956D46DE8}") = "Solution Items", "Solution Items", "{289AC024-FD51-40CB-9C88-44B64ABD90FB}"
	ProjectSection(SolutionItems) = preProject
		.gitattributes = .gitattributes
		.gitignore = .gitignore
		icon.jpg = icon.jpg
		README.MD = README.MD
	EndProjectSection
EndProject
Project("{FAE04EC0-301F-11D3-BF4B-00C04F79EFBC}") = "PerformanceTest", "PerformanceTest\PerformanceTest.csproj", "{7207ABBA-622B-4E1A-8532-100601A783E3}"
EndProject
Project("{2150E333-8FDC-42A3-9474-1A3956D46DE8}") = ".github", ".github", "{5DC4AAAF-AE75-4FB8-8DD3-06D351ABBD3F}"
EndProject
Project("{2150E333-8FDC-42A3-9474-1A3956D46DE8}") = "workflows", "workflows", "{7974BB0D-9F65-4CF7-A4FA-BDEF5AD6122C}"
	ProjectSection(SolutionItems) = preProject
		.github\workflows\NetFxCI.yml = .github\workflows\NetFxCI.yml
	EndProjectSection
EndProject
Project("{9A19103F-16F7-4668-BE54-9A1E7A4F7556}") = "DbFacade.Oracle", "DbFacade.Oracle\DbFacade.Oracle.csproj", "{F5E70C61-6867-4F51-9671-B032AEBE5114}"
EndProject
Project("{9A19103F-16F7-4668-BE54-9A1E7A4F7556}") = "DbFacade.SQLite", "DbFacade.SQLite\DbFacade.SQLite.csproj", "{5D82C231-9AB6-453A-AC5E-0BE9F78FAF07}"
EndProject
Project("{9A19103F-16F7-4668-BE54-9A1E7A4F7556}") = "DbFacade.Odbc", "DbFacade.Odbc\DbFacade.Odbc.csproj", "{23A4322A-B607-4D26-AD4D-1094E0865264}"
EndProject
Project("{9A19103F-16F7-4668-BE54-9A1E7A4F7556}") = "DbFacade.OleDb", "DbFacade.OleDb\DbFacade.OleDb.csproj", "{9579945C-4D02-4D06-9872-9AC969E973E4}"
EndProject
Project("{FAE04EC0-301F-11D3-BF4B-00C04F79EFBC}") = "DbFacade.Utils", "DbFacade.Utils\DbFacade.Utils.csproj", "{ADFBE3EE-3046-4266-8064-E6D41C4A65FE}"
EndProject
Project("{FAE04EC0-301F-11D3-BF4B-00C04F79EFBC}") = "DbFacade.Utils.UnitTests", "DbFacade.Utils.UnitTests\DbFacade.Utils.UnitTests.csproj", "{9E1C3D95-54DA-4BF2-B46E-11CAFFA6B33D}"
EndProject
Project("{FAE04EC0-301F-11D3-BF4B-00C04F79EFBC}") = "Docs2.0", "Docs2.0\Docs2.0.csproj", "{16EEA344-0F43-4F5C-BA56-6533C356E1D5}"
EndProject
Project("{D954291E-2A0B-460D-934E-DC6B0785DB48}") = "DbFacadeShared", "DbFacadeShared\DbFacadeShared.shproj", "{CD5F1105-82F7-4333-B29D-36F7DDF4BD52}"
EndProject
Project("{FAE04EC0-301F-11D3-BF4B-00C04F79EFBC}") = "DbFacade2", "DbFacade2\DbFacade2.csproj", "{9737812B-B101-4FD4-9606-40EE5310B91C}"
EndProject
Project("{FAE04EC0-301F-11D3-BF4B-00C04F79EFBC}") = "DbFacade.UnitTest", "DbFacade.UnitTest\DbFacade.UnitTest.csproj", "{65878EDE-078A-47FD-A079-6B7EA1F573EC}"
EndProject
Global
	GlobalSection(SolutionConfigurationPlatforms) = preSolution
		Debug|Any CPU = Debug|Any CPU
		Release|Any CPU = Release|Any CPU
	EndGlobalSection
	GlobalSection(ProjectConfigurationPlatforms) = postSolution
		{7207ABBA-622B-4E1A-8532-100601A783E3}.Debug|Any CPU.ActiveCfg = Debug|Any CPU
		{7207ABBA-622B-4E1A-8532-100601A783E3}.Release|Any CPU.ActiveCfg = Release|Any CPU
		{F5E70C61-6867-4F51-9671-B032AEBE5114}.Debug|Any CPU.ActiveCfg = Debug|Any CPU
		{F5E70C61-6867-4F51-9671-B032AEBE5114}.Debug|Any CPU.Build.0 = Debug|Any CPU
		{F5E70C61-6867-4F51-9671-B032AEBE5114}.Release|Any CPU.ActiveCfg = Release|Any CPU
		{F5E70C61-6867-4F51-9671-B032AEBE5114}.Release|Any CPU.Build.0 = Release|Any CPU
		{5D82C231-9AB6-453A-AC5E-0BE9F78FAF07}.Debug|Any CPU.ActiveCfg = Debug|Any CPU
		{5D82C231-9AB6-453A-AC5E-0BE9F78FAF07}.Debug|Any CPU.Build.0 = Debug|Any CPU
		{5D82C231-9AB6-453A-AC5E-0BE9F78FAF07}.Release|Any CPU.ActiveCfg = Release|Any CPU
		{5D82C231-9AB6-453A-AC5E-0BE9F78FAF07}.Release|Any CPU.Build.0 = Release|Any CPU
		{23A4322A-B607-4D26-AD4D-1094E0865264}.Debug|Any CPU.ActiveCfg = Debug|Any CPU
		{23A4322A-B607-4D26-AD4D-1094E0865264}.Debug|Any CPU.Build.0 = Debug|Any CPU
		{23A4322A-B607-4D26-AD4D-1094E0865264}.Release|Any CPU.ActiveCfg = Release|Any CPU
		{23A4322A-B607-4D26-AD4D-1094E0865264}.Release|Any CPU.Build.0 = Release|Any CPU
		{9579945C-4D02-4D06-9872-9AC969E973E4}.Debug|Any CPU.ActiveCfg = Debug|Any CPU
		{9579945C-4D02-4D06-9872-9AC969E973E4}.Debug|Any CPU.Build.0 = Debug|Any CPU
		{9579945C-4D02-4D06-9872-9AC969E973E4}.Release|Any CPU.ActiveCfg = Release|Any CPU
		{9579945C-4D02-4D06-9872-9AC969E973E4}.Release|Any CPU.Build.0 = Release|Any CPU
		{ADFBE3EE-3046-4266-8064-E6D41C4A65FE}.Debug|Any CPU.ActiveCfg = Debug|Any CPU
		{ADFBE3EE-3046-4266-8064-E6D41C4A65FE}.Debug|Any CPU.Build.0 = Debug|Any CPU
		{ADFBE3EE-3046-4266-8064-E6D41C4A65FE}.Release|Any CPU.ActiveCfg = Release|Any CPU
		{ADFBE3EE-3046-4266-8064-E6D41C4A65FE}.Release|Any CPU.Build.0 = Release|Any CPU
		{9E1C3D95-54DA-4BF2-B46E-11CAFFA6B33D}.Debug|Any CPU.ActiveCfg = Debug|Any CPU
		{9E1C3D95-54DA-4BF2-B46E-11CAFFA6B33D}.Debug|Any CPU.Build.0 = Debug|Any CPU
		{9E1C3D95-54DA-4BF2-B46E-11CAFFA6B33D}.Release|Any CPU.ActiveCfg = Release|Any CPU
		{9E1C3D95-54DA-4BF2-B46E-11CAFFA6B33D}.Release|Any CPU.Build.0 = Release|Any CPU
		{16EEA344-0F43-4F5C-BA56-6533C356E1D5}.Debug|Any CPU.ActiveCfg = Debug|Any CPU
		{16EEA344-0F43-4F5C-BA56-6533C356E1D5}.Debug|Any CPU.Build.0 = Debug|Any CPU
		{16EEA344-0F43-4F5C-BA56-6533C356E1D5}.Release|Any CPU.ActiveCfg = Release|Any CPU
		{16EEA344-0F43-4F5C-BA56-6533C356E1D5}.Release|Any CPU.Build.0 = Release|Any CPU
		{9737812B-B101-4FD4-9606-40EE5310B91C}.Debug|Any CPU.ActiveCfg = Debug|Any CPU
		{9737812B-B101-4FD4-9606-40EE5310B91C}.Debug|Any CPU.Build.0 = Debug|Any CPU
		{9737812B-B101-4FD4-9606-40EE5310B91C}.Release|Any CPU.ActiveCfg = Release|Any CPU
		{9737812B-B101-4FD4-9606-40EE5310B91C}.Release|Any CPU.Build.0 = Release|Any CPU
		{65878EDE-078A-47FD-A079-6B7EA1F573EC}.Debug|Any CPU.ActiveCfg = Debug|Any CPU
		{65878EDE-078A-47FD-A079-6B7EA1F573EC}.Debug|Any CPU.Build.0 = Debug|Any CPU
		{65878EDE-078A-47FD-A079-6B7EA1F573EC}.Release|Any CPU.ActiveCfg = Release|Any CPU
		{65878EDE-078A-47FD-A079-6B7EA1F573EC}.Release|Any CPU.Build.0 = Release|Any CPU
	EndGlobalSection
	GlobalSection(SolutionProperties) = preSolution
		HideSolutionNode = FALSE
	EndGlobalSection
	GlobalSection(NestedProjects) = preSolution
		{5DC4AAAF-AE75-4FB8-8DD3-06D351ABBD3F} = {289AC024-FD51-40CB-9C88-44B64ABD90FB}
		{7974BB0D-9F65-4CF7-A4FA-BDEF5AD6122C} = {5DC4AAAF-AE75-4FB8-8DD3-06D351ABBD3F}
	EndGlobalSection
	GlobalSection(ExtensibilityGlobals) = postSolution
		SolutionGuid = {422FA976-93A1-4C2B-B82D-46D5F0C75E54}
	EndGlobalSection
	GlobalSection(SharedMSBuildProjectFiles) = preSolution
		DbFacadeShared\DbFacadeShared.projitems*{cd5f1105-82f7-4333-b29d-36f7ddf4bd52}*SharedItemsImports = 13
	EndGlobalSection
EndGlobal
